#MicroXplorer Configuration settings - do not modify
Dma.Request0=SPI1_RX
Dma.Request1=SPI1_TX
Dma.RequestsNb=2
Dma.SPI1_RX.0.Direction=DMA_PERIPH_TO_MEMORY
Dma.SPI1_RX.0.FIFOMode=DMA_FIFOMODE_DISABLE
Dma.SPI1_RX.0.Instance=DMA2_Stream2
Dma.SPI1_RX.0.MemDataAlignment=DMA_MDATAALIGN_BYTE
Dma.SPI1_RX.0.MemInc=DMA_MINC_ENABLE
Dma.SPI1_RX.0.Mode=DMA_NORMAL
Dma.SPI1_RX.0.PeriphDataAlignment=DMA_PDATAALIGN_BYTE
Dma.SPI1_RX.0.PeriphInc=DMA_PINC_DISABLE
Dma.SPI1_RX.0.Priority=DMA_PRIORITY_LOW
Dma.SPI1_RX.0.RequestParameters=Instance,Direction,PeriphInc,MemInc,PeriphDataAlignment,MemDataAlignment,Mode,Priority,FIFOMode
Dma.SPI1_TX.1.Direction=DMA_MEMORY_TO_PERIPH
Dma.SPI1_TX.1.FIFOMode=DMA_FIFOMODE_DISABLE
Dma.SPI1_TX.1.Instance=DMA2_Stream3
Dma.SPI1_TX.1.MemDataAlignment=DMA_MDATAALIGN_BYTE
Dma.SPI1_TX.1.MemInc=DMA_MINC_ENABLE
Dma.SPI1_TX.1.Mode=DMA_NORMAL
Dma.SPI1_TX.1.PeriphDataAlignment=DMA_PDATAALIGN_BYTE
Dma.SPI1_TX.1.PeriphInc=DMA_PINC_DISABLE
Dma.SPI1_TX.1.Priority=DMA_PRIORITY_LOW
Dma.SPI1_TX.1.RequestParameters=Instance,Direction,PeriphInc,MemInc,PeriphDataAlignment,MemDataAlignment,Mode,Priority,FIFOMode
ETH.IPParameters=MediaInterface
ETH.MediaInterface=ETH_MEDIA_INTERFACE_MII
FREERTOS.IPParameters=Tasks01,configMAX_PRIORITIES,configIDLE_SHOULD_YIELD,configUSE_COUNTING_SEMAPHORES
FREERTOS.Tasks01=defaultTask,0,128,StartDefaultTask,Default,NULL
FREERTOS.configIDLE_SHOULD_YIELD=0
FREERTOS.configMAX_PRIORITIES=5
FREERTOS.configUSE_COUNTING_SEMAPHORES=1
File.Version=6
KeepUserPlacement=false
Mcu.Family=STM32F4
Mcu.IP0=CRC
Mcu.IP1=DMA
Mcu.IP10=UART4
Mcu.IP11=UART5
Mcu.IP12=USART3
Mcu.IP13=USART6
Mcu.IP2=ETH
Mcu.IP3=FREERTOS
Mcu.IP4=NVIC
Mcu.IP5=RCC
Mcu.IP6=RNG
Mcu.IP7=RTC
Mcu.IP8=SPI1
Mcu.IP9=SYS
Mcu.IPNb=14
Mcu.Name=STM32F407I(E-G)Tx
Mcu.Package=LQFP176
Mcu.Pin0=PE2
Mcu.Pin1=PE4
Mcu.Pin10=PH1-OSC_OUT
Mcu.Pin11=PC0
Mcu.Pin12=PC1
Mcu.Pin13=PC2
Mcu.Pin14=PC3
Mcu.Pin15=PA0-WKUP
Mcu.Pin16=PA1
Mcu.Pin17=PA2
Mcu.Pin18=PH3
Mcu.Pin19=PH4
Mcu.Pin2=PE5
Mcu.Pin20=PH5
Mcu.Pin21=PA7
Mcu.Pin22=PC4
Mcu.Pin23=PC5
Mcu.Pin24=PB0
Mcu.Pin25=PB1
Mcu.Pin26=PB10
Mcu.Pin27=PB11
Mcu.Pin28=PH6
Mcu.Pin29=PH7
Mcu.Pin3=PE6
Mcu.Pin30=PH8
Mcu.Pin31=PH9
Mcu.Pin32=PH10
Mcu.Pin33=PH11
Mcu.Pin34=PH12
Mcu.Pin35=PB12
Mcu.Pin36=PB13
Mcu.Pin37=PG6
Mcu.Pin38=PG7
Mcu.Pin39=PC6
Mcu.Pin4=PI8- ANTI TAMP2
Mcu.Pin40=PC7
Mcu.Pin41=PC8
Mcu.Pin42=PC9
Mcu.Pin43=PA8
Mcu.Pin44=PH13
Mcu.Pin45=PH14
Mcu.Pin46=PH15
Mcu.Pin47=PC10
Mcu.Pin48=PC11
Mcu.Pin49=PC12
Mcu.Pin5=PC13-ANTI_TAMP
Mcu.Pin50=PD2
Mcu.Pin51=PD3
Mcu.Pin52=PG11
Mcu.Pin53=PG13
Mcu.Pin54=PB3
Mcu.Pin55=PB4
Mcu.Pin56=PB5
Mcu.Pin57=PB6
Mcu.Pin58=PB8
Mcu.Pin59=PB9
Mcu.Pin6=PC14-OSC32_IN
Mcu.Pin60=PI4
Mcu.Pin61=PI5
Mcu.Pin62=PI6
Mcu.Pin63=PI7
Mcu.Pin64=VP_CRC_VS_CRC
Mcu.Pin65=VP_FREERTOS_VS_CMSIS_V1
Mcu.Pin66=VP_RNG_VS_RNG
Mcu.Pin67=VP_RTC_VS_RTC_Activate
Mcu.Pin68=VP_SYS_VS_Systick
Mcu.Pin7=PC15-OSC32_OUT
Mcu.Pin8=PI9
Mcu.Pin9=PH0-OSC_IN
Mcu.PinsNb=69
Mcu.ThirdPartyNb=0
Mcu.UserConstants=
Mcu.UserName=STM32F407IGTx
MxCube.Version=5.3.0
MxDb.Version=DB.5.0.30
NVIC.BusFault_IRQn=true\:0\:0\:false\:false\:true\:false\:true\:false
NVIC.DMA2_Stream2_IRQn=true\:5\:0\:false\:false\:true\:true\:false\:true
NVIC.DMA2_Stream3_IRQn=true\:5\:0\:false\:false\:true\:true\:false\:true
NVIC.DebugMonitor_IRQn=true\:0\:0\:false\:false\:true\:false\:true\:false
NVIC.HardFault_IRQn=true\:0\:0\:false\:false\:true\:false\:true\:false
NVIC.MemoryManagement_IRQn=true\:0\:0\:false\:false\:true\:false\:true\:false
NVIC.NonMaskableInt_IRQn=true\:0\:0\:false\:false\:true\:false\:true\:false
NVIC.PendSV_IRQn=true\:15\:0\:false\:false\:false\:true\:true\:false
NVIC.PriorityGroup=NVIC_PRIORITYGROUP_4
NVIC.SVCall_IRQn=true\:0\:0\:false\:false\:false\:false\:true\:false
NVIC.SysTick_IRQn=true\:15\:0\:false\:false\:true\:true\:true\:true
NVIC.UART4_IRQn=true\:5\:0\:false\:false\:true\:true\:true\:true
NVIC.UsageFault_IRQn=true\:0\:0\:false\:false\:true\:false\:true\:false
PA0-WKUP.GPIOParameters=GPIO_Label
PA0-WKUP.GPIO_Label=ETH_CRS
PA0-WKUP.Mode=MII
PA0-WKUP.Signal=ETH_CRS
PA1.GPIOParameters=GPIO_Label
PA1.GPIO_Label=ETH_RX_CLK
PA1.Mode=MII
PA1.Signal=ETH_RX_CLK
PA2.GPIOParameters=GPIO_Label
PA2.GPIO_Label=ETH_MDIO
PA2.Mode=MII
PA2.Signal=ETH_MDIO
PA7.GPIOParameters=GPIO_Label
PA7.GPIO_Label=ETH_RX_DV
PA7.Mode=MII
PA7.Signal=ETH_RX_DV
PA8.GPIOParameters=GPIO_Label
PA8.GPIO_Label=RCC_MCO
PA8.Mode=Clock-out-1
PA8.Signal=RCC_MCO_1
PB0.GPIOParameters=GPIO_Label
PB0.GPIO_Label=UART3_DE
PB0.Signal=GPIO_Output
PB1.GPIOParameters=GPIO_Label
PB1.GPIO_Label=UART3_RE
PB1.Signal=GPIO_Output
PB10.GPIOParameters=GPIO_Label
PB10.GPIO_Label=UART3_Tx
PB10.Mode=Asynchronous
PB10.Signal=USART3_TX
PB11.GPIOParameters=GPIO_Label
PB11.GPIO_Label=UART3_Rx
PB11.Mode=Asynchronous
PB11.Signal=USART3_RX
PB12.GPIOParameters=GPIO_Label
PB12.GPIO_Label=ETH_TXD0
PB12.Mode=MII
PB12.Signal=ETH_TXD0
PB13.GPIOParameters=GPIO_Label
PB13.GPIO_Label=ETH_TXD1
PB13.Mode=MII
PB13.Signal=ETH_TXD1
PB3.GPIOParameters=GPIO_Label
PB3.GPIO_Label=SPI1_SCK
PB3.Mode=Full_Duplex_Master
PB3.Signal=SPI1_SCK
PB4.GPIOParameters=GPIO_Label
PB4.GPIO_Label=SPI1_MISO
PB4.Mode=Full_Duplex_Master
PB4.Signal=SPI1_MISO
PB5.GPIOParameters=GPIO_Label
PB5.GPIO_Label=SPI1_MOSI
PB5.Mode=Full_Duplex_Master
PB5.Signal=SPI1_MOSI
PB6.GPIOParameters=GPIO_Label
PB6.GPIO_Label=UART6_DE
PB6.Signal=GPIO_Output
PB8.GPIOParameters=GPIO_Label
PB8.GPIO_Label=DI5
PB8.Signal=GPIO_Output
PB9.GPIOParameters=GPIO_Label
PB9.GPIO_Label=DI6
PB9.Signal=GPIO_Output
PC0.GPIOParameters=GPIO_Label
PC0.GPIO_Label=UART6_RE
PC0.Signal=GPIO_Output
PC1.GPIOParameters=GPIO_Label
PC1.GPIO_Label=ETH_MDC
PC1.Mode=MII
PC1.Signal=ETH_MDC
PC10.GPIOParameters=GPIO_Label
PC10.GPIO_Label=UART4_Tx
PC10.Mode=Asynchronous
PC10.Signal=UART4_TX
PC11.GPIOParameters=GPIO_Label
PC11.GPIO_Label=UART4_Rx
PC11.Mode=Asynchronous
PC11.Signal=UART4_RX
PC12.GPIOParameters=GPIO_Label
PC12.GPIO_Label=UART5_Tx
PC12.Mode=Asynchronous
PC12.Signal=UART5_TX
PC13-ANTI_TAMP.GPIOParameters=GPIO_Label
PC13-ANTI_TAMP.GPIO_Label=Key_Reset
PC13-ANTI_TAMP.Signal=GPIO_Input
PC14-OSC32_IN.GPIOParameters=GPIO_Label
PC14-OSC32_IN.GPIO_Label=RCC_OSC32_IN
PC14-OSC32_IN.Mode=LSE-External-Oscillator
PC14-OSC32_IN.Signal=RCC_OSC32_IN
PC15-OSC32_OUT.GPIOParameters=GPIO_Label
PC15-OSC32_OUT.GPIO_Label=RCC_OSC32_OUT
PC15-OSC32_OUT.Mode=LSE-External-Oscillator
PC15-OSC32_OUT.Signal=RCC_OSC32_OUT
PC2.GPIOParameters=GPIO_Label
PC2.GPIO_Label=ETH_TXD2
PC2.Mode=MII
PC2.Signal=ETH_TXD2
PC3.GPIOParameters=GPIO_Label
PC3.GPIO_Label=ETH_TX_CLK
PC3.Mode=MII
PC3.Signal=ETH_TX_CLK
PC4.GPIOParameters=GPIO_Label
PC4.GPIO_Label=ETH_RXD0
PC4.Mode=MII
PC4.Signal=ETH_RXD0
PC5.GPIOParameters=GPIO_Label
PC5.GPIO_Label=ETH_RXD1
PC5.Mode=MII
PC5.Signal=ETH_RXD1
PC6.GPIOParameters=GPIO_Label
PC6.GPIO_Label=UART6_Tx
PC6.Mode=Asynchronous
PC6.Signal=USART6_TX
PC7.GPIOParameters=GPIO_Label
PC7.GPIO_Label=UART6_Rx
PC7.Mode=Asynchronous
PC7.Signal=USART6_RX
PC8.GPIOParameters=GPIO_Label
PC8.GPIO_Label=UART4_DE
PC8.Signal=GPIO_Output
PC9.GPIOParameters=GPIO_Label
PC9.GPIO_Label=UART4_RE
PC9.Signal=GPIO_Output
PCC.Checker=false
PCC.Line=STM32F407/417
PCC.MCU=STM32F407I(E-G)Tx
PCC.PartNumber=STM32F407IGTx
PCC.Seq0=0
PCC.Series=STM32F4
PCC.Temperature=25
PCC.Vdd=3.3
PD2.GPIOParameters=GPIO_Label
PD2.GPIO_Label=UART5_Rx
PD2.Mode=Asynchronous
PD2.Signal=UART5_RX
PD3.GPIOParameters=GPIO_Label
PD3.GPIO_Label=DI8
PD3.Signal=GPIO_Output
PE2.GPIOParameters=GPIO_Label
PE2.GPIO_Label=ETH_TXD3
PE2.Mode=MII
PE2.Signal=ETH_TXD3
PE4.GPIOParameters=GPIO_Label
PE4.GPIO_Label=Relay1
PE4.Signal=GPIO_Output
PE5.GPIOParameters=GPIO_Label
PE5.GPIO_Label=Relay2
PE5.Signal=GPIO_Output
PE6.GPIOParameters=GPIO_Label
PE6.GPIO_Label=Buzzer
PE6.Signal=GPIO_Output
PG11.GPIOParameters=GPIO_Label
PG11.GPIO_Label=ETH_TX_EN
PG11.Mode=MII
PG11.Signal=ETH_TX_EN
PG13.GPIOParameters=GPIO_Label
PG13.GPIO_Label=DI7
PG13.Signal=GPIO_Output
PG6.GPIOParameters=GPIO_Label
PG6.GPIO_Label=UART5_DE
PG6.Signal=GPIO_Output
PG7.GPIOParameters=GPIO_Label
PG7.GPIO_Label=UART5_RE
PG7.Signal=GPIO_Output
PH0-OSC_IN.GPIOParameters=GPIO_Label
PH0-OSC_IN.GPIO_Label=RCC_OSC_IN
PH0-OSC_IN.Mode=HSE-External-Oscillator
PH0-OSC_IN.Signal=RCC_OSC_IN
PH1-OSC_OUT.GPIOParameters=GPIO_Label
PH1-OSC_OUT.GPIO_Label=RCC_OSC_OUT
PH1-OSC_OUT.Mode=HSE-External-Oscillator
PH1-OSC_OUT.Signal=RCC_OSC_OUT
PH10.GPIOParameters=GPIO_Label
PH10.GPIO_Label=AI2
PH10.Signal=GPIO_Analog
PH11.GPIOParameters=GPIO_Label
PH11.GPIO_Label=AI3
PH11.Signal=GPIO_Analog
PH12.GPIOParameters=GPIO_Label
PH12.GPIO_Label=AI4
PH12.Signal=GPIO_Analog
PH13.GPIOParameters=GPIO_Label
PH13.GPIO_Label=LED_ETH3
PH13.Signal=GPIO_Output
PH14.GPIOParameters=GPIO_Label
PH14.GPIO_Label=LED_ETH4
PH14.Signal=GPIO_Output
PH15.GPIOParameters=GPIO_Label
PH15.GPIO_Label=AI5
PH15.Signal=GPIO_Analog
PH3.GPIOParameters=GPIO_Label
PH3.GPIO_Label=ETH_COL
PH3.Mode=MII
PH3.Signal=ETH_COL
PH4.GPIOParameters=GPIO_Label
PH4.GPIO_Label=LED_ETH0
PH4.Signal=GPIO_Output
PH5.GPIOParameters=GPIO_Label
PH5.GPIO_Label=LED_ETH1
PH5.Signal=GPIO_Output
PH6.GPIOParameters=GPIO_Label
PH6.GPIO_Label=ETH_RXD2
PH6.Mode=MII
PH6.Signal=ETH_RXD2
PH7.GPIOParameters=GPIO_Label
PH7.GPIO_Label=ETH_RXD3
PH7.Mode=MII
PH7.Signal=ETH_RXD3
PH8.GPIOParameters=GPIO_Label
PH8.GPIO_Label=LED_ETH2
PH8.Signal=GPIO_Output
PH9.GPIOParameters=GPIO_Label
PH9.GPIO_Label=AI1
PH9.Signal=GPIO_Analog
PI4.GPIOParameters=GPIO_Label
PI4.GPIO_Label=DI1
PI4.Signal=GPIO_Output
PI5.GPIOParameters=GPIO_Label
PI5.GPIO_Label=DI2
PI5.Signal=GPIO_Output
PI6.GPIOParameters=GPIO_Label
PI6.GPIO_Label=DI3
PI6.Signal=GPIO_Output
PI7.GPIOParameters=GPIO_Label
PI7.GPIO_Label=DI4
PI7.Signal=GPIO_Output
PI8-\ ANTI\ TAMP2.GPIOParameters=GPIO_Label
PI8-\ ANTI\ TAMP2.GPIO_Label=LED1
PI8-\ ANTI\ TAMP2.Signal=GPIO_Output
PI9.GPIOParameters=GPIO_Label
PI9.GPIO_Label=LED2
PI9.Signal=GPIO_Output
PinOutPanel.RotationAngle=0
ProjectManager.AskForMigrate=true
ProjectManager.BackupPrevious=true
ProjectManager.CompilerOptimize=6
ProjectManager.ComputerToolchain=false
ProjectManager.CoupleFile=true
ProjectManager.CustomerFirmwarePackage=
ProjectManager.DefaultFWLocation=true
ProjectManager.DeletePrevious=true
ProjectManager.DeviceId=STM32F407IGTx
ProjectManager.FirmwarePackage=STM32Cube FW_F4 V1.24.1
ProjectManager.FreePins=true
ProjectManager.HalAssertFull=true
ProjectManager.HeapSize=0x200
ProjectManager.KeepUserCode=true
ProjectManager.LastFirmware=true
ProjectManager.LibraryCopy=1
ProjectManager.MainLocation=Src
ProjectManager.NoMain=false
ProjectManager.PreviousToolchain=
ProjectManager.ProjectBuild=false
ProjectManager.ProjectFileName=iota2_hub.ioc
ProjectManager.ProjectName=iota2_hub
ProjectManager.StackSize=0x400
ProjectManager.TargetToolchain=TrueSTUDIO
ProjectManager.TemplateDestinationPath=/home/naval/HUB_CLONED/naval/iota2-hub/tools/mcu_configuration/iota2_hub
ProjectManager.TemplateSourcePath=/home/naval/STM32CubeMX/db/extra_templates
ProjectManager.ToolChainLocation=iota2_hub
ProjectManager.UnderRoot=false
ProjectManager.UseDefaultDestinationPath=true
ProjectManager.UseDefaultSourcePath=true
ProjectManager.functionlistsort=1-MX_GPIO_Init-GPIO-false-HAL-true,2-MX_DMA_Init-DMA-false-HAL-true,3-SystemClock_Config-RCC-false-HAL-false,4-MX_CRC_Init-CRC-false-HAL-true,5-MX_ETH_Init-ETH-false-HAL-true,6-MX_RNG_Init-RNG-false-HAL-true,7-MX_SPI1_Init-SPI1-false-HAL-true,8-MX_UART4_Init-UART4-false-HAL-true,9-MX_UART5_Init-UART5-false-HAL-true,10-MX_USART3_UART_Init-USART3-false-HAL-true,11-MX_USART6_UART_Init-USART6-false-HAL-true,12-MX_RTC_Init-RTC-false-HAL-true
RCC.48MHZClocksFreq_Value=48000000
RCC.AHBFreq_Value=168000000
RCC.APB1CLKDivider=RCC_HCLK_DIV4
RCC.APB1Freq_Value=42000000
RCC.APB1TimFreq_Value=84000000
RCC.APB2CLKDivider=RCC_HCLK_DIV2
RCC.APB2Freq_Value=84000000
RCC.APB2TimFreq_Value=168000000
RCC.CortexFreq_Value=168000000
RCC.EthernetFreq_Value=168000000
RCC.FCLKCortexFreq_Value=168000000
RCC.FamilyName=M
RCC.HCLKFreq_Value=168000000
RCC.HSE_VALUE=25000000
RCC.HSI_VALUE=16000000
RCC.I2SClocksFreq_Value=96000000
RCC.IPParameters=48MHZClocksFreq_Value,AHBFreq_Value,APB1CLKDivider,APB1Freq_Value,APB1TimFreq_Value,APB2CLKDivider,APB2Freq_Value,APB2TimFreq_Value,CortexFreq_Value,EthernetFreq_Value,FCLKCortexFreq_Value,FamilyName,HCLKFreq_Value,HSE_VALUE,HSI_VALUE,I2SClocksFreq_Value,LSI_VALUE,MCO1PinFreq_Value,MCO2PinFreq_Value,PLLCLKFreq_Value,PLLM,PLLN,PLLQ,PLLQCLKFreq_Value,PLLSourceVirtual,RCC_MCO1Source,RCC_RTC_Clock_Source,RCC_RTC_Clock_SourceVirtual,RTCFreq_Value,RTCHSEDivFreq_Value,SYSCLKFreq_VALUE,SYSCLKSource,VCOI2SOutputFreq_Value,VCOInputFreq_Value,VCOOutputFreq_Value,VcooutputI2S
RCC.LSI_VALUE=32000
RCC.MCO1PinFreq_Value=25000000
RCC.MCO2PinFreq_Value=168000000
RCC.PLLCLKFreq_Value=168000000
RCC.PLLM=25
RCC.PLLN=336
RCC.PLLQ=7
RCC.PLLQCLKFreq_Value=48000000
RCC.PLLSourceVirtual=RCC_PLLSOURCE_HSE
RCC.RCC_MCO1Source=RCC_MCO1SOURCE_HSE
RCC.RCC_RTC_Clock_Source=RCC_RTCCLKSOURCE_LSE
RCC.RCC_RTC_Clock_SourceVirtual=RCC_RTCCLKSOURCE_LSE
RCC.RTCFreq_Value=32768
RCC.RTCHSEDivFreq_Value=12500000
RCC.SYSCLKFreq_VALUE=168000000
RCC.SYSCLKSource=RCC_SYSCLKSOURCE_PLLCLK
RCC.VCOI2SOutputFreq_Value=192000000
RCC.VCOInputFreq_Value=1000000
RCC.VCOOutputFreq_Value=336000000
RCC.VcooutputI2S=96000000
SPI1.CalculateBaudRate=42.0 MBits/s
SPI1.Direction=SPI_DIRECTION_2LINES
SPI1.IPParameters=VirtualType,Mode,Direction,CalculateBaudRate
SPI1.Mode=SPI_MODE_MASTER
SPI1.VirtualType=VM_MASTER
UART4.IPParameters=VirtualMode
UART4.VirtualMode=Asynchronous
UART5.IPParameters=VirtualMode
UART5.VirtualMode=Asynchronous
USART3.IPParameters=VirtualMode
USART3.VirtualMode=VM_ASYNC
USART6.IPParameters=VirtualMode
USART6.VirtualMode=VM_ASYNC
VP_CRC_VS_CRC.Mode=CRC_Activate
VP_CRC_VS_CRC.Signal=CRC_VS_CRC
VP_FREERTOS_VS_CMSIS_V1.Mode=CMSIS_V1
VP_FREERTOS_VS_CMSIS_V1.Signal=FREERTOS_VS_CMSIS_V1
VP_RNG_VS_RNG.Mode=RNG_Activate
VP_RNG_VS_RNG.Signal=RNG_VS_RNG
VP_RTC_VS_RTC_Activate.Mode=RTC_Enabled
VP_RTC_VS_RTC_Activate.Signal=RTC_VS_RTC_Activate
VP_SYS_VS_Systick.Mode=SysTick
VP_SYS_VS_Systick.Signal=SYS_VS_Systick
board=custom
